# THIS IS AN AUTOGENERATED FILE. DO NOT EDIT THIS FILE DIRECTLY.
# yarn lockfile v1


"@accelbyte/sdk-basic@4.0.0":
  version "4.0.0"
  resolved "https://registry.yarnpkg.com/@accelbyte/sdk-basic/-/sdk-basic-4.0.0.tgz#8957d9c5111e1d3268899ac683e8cfafa322b412"
  integrity sha512-krBlv4P79QI695RfVIwTqhRaXsCYjbyK3Id2pPhVOKHrukMZtDBq+9bUIEHr/FKSWFv/fe7+gScFCeET6bg4tg==
  dependencies:
    "@accelbyte/validator" "0.2.17"
    axios "1.3.6"
    buffer "6.0.3"
    crypto-js "4.1.1"
    lodash "4.17.21"
    platform "1.3.6"
    uuid "8.3.2"
    validator "13.7.0"
    zod "3.17.3"

"@accelbyte/sdk-cloudsave@4.0.0":
  version "4.0.0"
  resolved "https://registry.yarnpkg.com/@accelbyte/sdk-cloudsave/-/sdk-cloudsave-4.0.0.tgz#68d4b43b4c25fe27478078be63457c7c1011203c"
  integrity sha512-fsZ22G47JiaKY/QTBZ15G5YsgX8fXNQHFVnprY5Df/bAnvuPcB8gpd6PnUoIIY/uc4iEn8BOv1rpmsnP5RJeOA==
  dependencies:
    "@accelbyte/validator" "0.2.17"
    axios "1.3.6"
    buffer "6.0.3"
    crypto-js "4.1.1"
    lodash "4.17.21"
    platform "1.3.6"
    uuid "8.3.2"
    validator "13.7.0"
    zod "3.17.3"

"@accelbyte/sdk-iam@4.0.0":
  version "4.0.0"
  resolved "https://registry.yarnpkg.com/@accelbyte/sdk-iam/-/sdk-iam-4.0.0.tgz#28160fdf67aec2bf34de365539f6ea7c0b58ec51"
  integrity sha512-zZtCMP3NwYFFUB8JOxqTN/Ir/e9w85lsYS/NSE3h/tsUk+MpjxuchywjxAT6Jpw6VMlV/TUQTnJqDhWH1FcBqA==
  dependencies:
    "@accelbyte/validator" "0.2.17"
    axios "1.3.6"
    buffer "6.0.3"
    crypto-js "4.1.1"
    lodash "4.17.21"
    platform "1.3.6"
    uuid "8.3.2"
    validator "13.7.0"
    zod "3.17.3"

"@accelbyte/sdk-legal@4.0.0":
  version "4.0.0"
  resolved "https://registry.yarnpkg.com/@accelbyte/sdk-legal/-/sdk-legal-4.0.0.tgz#f89fecf32786d917a885af88453db0eabf632701"
  integrity sha512-5c1L/k0w9F0b/pWSZQRRTpMn9RtyKhxQz8JMU4PrzXHe3xHAuJ6uVywl8x6Y01U1A/ILlxGAdN8k4tCP2XJ58A==
  dependencies:
    "@accelbyte/sdk-iam" "4.0.0"
    "@accelbyte/validator" "0.2.17"
    axios "1.3.6"
    buffer "6.0.3"
    crypto-js "4.1.1"
    dompurify "3.0.5"
    lodash "4.17.21"
    platform "1.3.6"
    uuid "8.3.2"
    validator "13.7.0"
    zod "3.17.3"

"@accelbyte/sdk-platform@4.0.0":
  version "4.0.0"
  resolved "https://registry.yarnpkg.com/@accelbyte/sdk-platform/-/sdk-platform-4.0.0.tgz#416eb0dd2cc3f3ac8c9c62bf444155b8e5197bed"
  integrity sha512-31uhy4gPXj0c/RLHjRE7IfasRIfTyVD7hVjvQPYOaso3PyAj3Z61VWKnxSLsEnZDgKjyYJJiIOIzqjDThPTEAw==
  dependencies:
    "@accelbyte/validator" "0.2.17"
    axios "1.3.6"
    buffer "6.0.3"
    crypto-js "4.1.1"
    lodash "4.17.21"
    platform "1.3.6"
    uuid "8.3.2"
    validator "13.7.0"
    zod "3.17.3"

"@accelbyte/sdk@2.3.0":
  version "2.3.0"
  resolved "https://registry.yarnpkg.com/@accelbyte/sdk/-/sdk-2.3.0.tgz#3e97739557866980e562c6098bb42589b9c32244"
  integrity sha512-v2udDHojIlYOKFr5MkDIMo+An9+c6smwU/Yaq9YXB9nMzSPWSs33hN+ND3wTfVY2CMk/y7aMZWiKdA/e6tG7Jg==
  dependencies:
    "@accelbyte/validator" "0.2.17"
    axios "1.3.6"
    buffer "6.0.3"
    crypto-js "4.1.1"
    lodash "4.17.21"
    nanoid "3.1.31"
    platform "1.3.6"
    query-string "7.1.1"
    uuid "8.3.2"
    validator "13.7.0"
    zod "3.17.3"

"@accelbyte/validator@0.2.17":
  version "0.2.17"
  resolved "https://registry.yarnpkg.com/@accelbyte/validator/-/validator-0.2.17.tgz#0a1a2bd1679bf094c8bc622ee67157ceb932f60a"
  integrity sha512-qtMqXitJhoVj935LTMjptIJ9+U33LU+S3Y0zVv1EaFjNXggRzAWz5+Pxa1JwcvGxOVNE+K73Jt07Jm3lWj+uUQ==
  dependencies:
    naughty-words "1.2.0"
    xregexp "5.1.0"

"@babel/runtime-corejs3@^7.14.9":
  version "7.21.0"
  resolved "https://registry.yarnpkg.com/@babel/runtime-corejs3/-/runtime-corejs3-7.21.0.tgz#6e4939d9d9789ff63e2dc58e88f13a3913a24eba"
  integrity sha512-TDD4UJzos3JJtM+tHX+w2Uc+KWj7GV+VKKFdMVd2Rx8sdA19hcc3P3AHFYd5LVOw+pYuSd5lICC3gm52B6Rwxw==
  dependencies:
    core-js-pure "^3.25.1"
    regenerator-runtime "^0.13.11"

asynckit@^0.4.0:
  version "0.4.0"
  resolved "https://registry.yarnpkg.com/asynckit/-/asynckit-0.4.0.tgz#c79ed97f7f34cb8f2ba1bc9790bcc366474b4b79"
  integrity sha512-Oei9OH4tRh0YqU3GxhX79dM/mwVgvbZJaSNaRk+bshkj0S5cfHcgYakreBjrHwatXKbz+IoIdYLxrKim2MjW0Q==

axios@1.3.6:
  version "1.3.6"
  resolved "https://registry.yarnpkg.com/axios/-/axios-1.3.6.tgz#1ace9a9fb994314b5f6327960918406fa92c6646"
  integrity sha512-PEcdkk7JcdPiMDkvM4K6ZBRYq9keuVJsToxm2zQIM70Qqo2WHTdJZMXcG9X+RmRp2VPNUQC8W1RAGbgt6b1yMg==
  dependencies:
    follow-redirects "^1.15.0"
    form-data "^4.0.0"
    proxy-from-env "^1.1.0"

base64-js@^1.3.1:
  version "1.5.1"
  resolved "https://registry.yarnpkg.com/base64-js/-/base64-js-1.5.1.tgz#1b1b440160a5bf7ad40b650f095963481903930a"
  integrity sha512-AKpaYlHn8t4SVbOHCy+b5+KKgvR4vrsD8vbvrbiQJps7fKDTkjkDry6ji0rUJjC0kzbNePLwzxq8iypo41qeWA==

buffer@6.0.3:
  version "6.0.3"
  resolved "https://registry.yarnpkg.com/buffer/-/buffer-6.0.3.tgz#2ace578459cc8fbe2a70aaa8f52ee63b6a74c6c6"
  integrity sha512-FTiCpNxtwiZZHEZbcbTIcZjERVICn9yq/pDFkTl95/AxzD1naBctN7YO68riM/gLSDY7sdrMby8hofADYuuqOA==
  dependencies:
    base64-js "^1.3.1"
    ieee754 "^1.2.1"

combined-stream@^1.0.8:
  version "1.0.8"
  resolved "https://registry.yarnpkg.com/combined-stream/-/combined-stream-1.0.8.tgz#c3d45a8b34fd730631a110a8a2520682b31d5a7f"
  integrity sha512-FQN4MRfuJeHf7cBbBMJFXhKSDq+2kAArBlmRBvcvFE5BB1HZKXtSFASDhdlz9zOYwxh8lDdnvmMOe/+5cdoEdg==
  dependencies:
    delayed-stream "~1.0.0"

core-js-pure@^3.25.1:
  version "3.30.1"
  resolved "https://registry.yarnpkg.com/core-js-pure/-/core-js-pure-3.30.1.tgz#7d93dc89e7d47b8ef05d7e79f507b0e99ea77eec"
  integrity sha512-nXBEVpmUnNRhz83cHd9JRQC52cTMcuXAmR56+9dSMpRdpeA4I1PX6yjmhd71Eyc/wXNsdBdUDIj1QTIeZpU5Tg==

crypto-js@4.1.1:
  version "4.1.1"
  resolved "https://registry.yarnpkg.com/crypto-js/-/crypto-js-4.1.1.tgz#9e485bcf03521041bd85844786b83fb7619736cf"
  integrity sha512-o2JlM7ydqd3Qk9CA0L4NL6mTzU2sdx96a+oOfPu8Mkl/PK51vSyoi8/rQ8NknZtk44vq15lmhAj9CIAGwgeWKw==

decode-uri-component@^0.2.0:
  version "0.2.2"
  resolved "https://registry.yarnpkg.com/decode-uri-component/-/decode-uri-component-0.2.2.tgz#e69dbe25d37941171dd540e024c444cd5188e1e9"
  integrity sha512-FqUYQ+8o158GyGTrMFJms9qh3CqTKvAqgqsTnkLI8sKu0028orqBhxNMFkFen0zGyg6epACD32pjVk58ngIErQ==

delayed-stream@~1.0.0:
  version "1.0.0"
  resolved "https://registry.yarnpkg.com/delayed-stream/-/delayed-stream-1.0.0.tgz#df3ae199acadfb7d440aaae0b29e2272b24ec619"
  integrity sha512-ZySD7Nf91aLB0RxL4KGrKHBXl7Eds1DAmEdcoVawXnLD7SDhpNgtuII2aAkg7a7QS41jxPSZ17p4VdGnMHk3MQ==

dompurify@3.0.5:
  version "3.0.5"
  resolved "https://registry.yarnpkg.com/dompurify/-/dompurify-3.0.5.tgz#eb3d9cfa10037b6e73f32c586682c4b2ab01fbed"
  integrity sha512-F9e6wPGtY+8KNMRAVfxeCOHU0/NPWMSENNq4pQctuXRqqdEPW7q3CrLbR5Nse044WwacyjHGOMlvNsBe1y6z9A==

dotenv@16.0.3:
  version "16.0.3"
  resolved "https://registry.yarnpkg.com/dotenv/-/dotenv-16.0.3.tgz#115aec42bac5053db3c456db30cc243a5a836a07"
  integrity sha512-7GO6HghkA5fYG9TYnNxi14/7K9f5occMlp3zXAuSxn7CKCxt9xbNWG7yF8hTCSUchlfWSe3uLmlPfigevRItzQ==

filter-obj@^1.1.0:
  version "1.1.0"
  resolved "https://registry.yarnpkg.com/filter-obj/-/filter-obj-1.1.0.tgz#9b311112bc6c6127a16e016c6c5d7f19e0805c5b"
  integrity sha512-8rXg1ZnX7xzy2NGDVkBVaAy+lSlPNwad13BtgSlLuxfIslyt5Vg64U7tFcCt4WS1R0hvtnQybT/IyCkGZ3DpXQ==

follow-redirects@^1.15.0:
  version "1.15.2"
  resolved "https://registry.yarnpkg.com/follow-redirects/-/follow-redirects-1.15.2.tgz#b460864144ba63f2681096f274c4e57026da2c13"
  integrity sha512-VQLG33o04KaQ8uYi2tVNbdrWp1QWxNNea+nmIB4EVM28v0hmP17z7aG1+wAkNzVq4KeXTq3221ye5qTJP91JwA==

form-data@^4.0.0:
  version "4.0.0"
  resolved "https://registry.yarnpkg.com/form-data/-/form-data-4.0.0.tgz#93919daeaf361ee529584b9b31664dc12c9fa452"
  integrity sha512-ETEklSGi5t0QMZuiXoA/Q6vcnxcLQP5vdugSpuAyi6SVGi2clPPp+xgEhuMaHC+zGgn31Kd235W35f7Hykkaww==
  dependencies:
    asynckit "^0.4.0"
    combined-stream "^1.0.8"
    mime-types "^2.1.12"

ieee754@^1.2.1:
  version "1.2.1"
  resolved "https://registry.yarnpkg.com/ieee754/-/ieee754-1.2.1.tgz#8eb7a10a63fff25d15a57b001586d177d1b0d352"
  integrity sha512-dcyqhDvX1C46lXZcVqCpK+FtMRQVdIMN6/Df5js2zouUsqG7I6sFxitIC+7KYK29KdXOLHdu9zL4sFnoVQnqaA==

lodash@4.17.21:
  version "4.17.21"
  resolved "https://registry.yarnpkg.com/lodash/-/lodash-4.17.21.tgz#679591c564c3bffaae8454cf0b3df370c3d6911c"
  integrity sha512-v2kDEe57lecTulaDIuNTPy3Ry4gLGJ6Z1O3vE1krgXZNrsQ+LFTGHVxVjcXPs17LhbZVGedAJv8XZ1tvj5FvSg==

mime-db@1.52.0:
  version "1.52.0"
  resolved "https://registry.yarnpkg.com/mime-db/-/mime-db-1.52.0.tgz#bbabcdc02859f4987301c856e3387ce5ec43bf70"
  integrity sha512-sPU4uV7dYlvtWJxwwxHD0PuihVNiE7TyAbQ5SWxDCB9mUYvOgroQOwYQQOKPJ8CIbE+1ETVlOoK1UC2nU3gYvg==

mime-types@^2.1.12:
  version "2.1.35"
  resolved "https://registry.yarnpkg.com/mime-types/-/mime-types-2.1.35.tgz#381a871b62a734450660ae3deee44813f70d959a"
  integrity sha512-ZDY+bPm5zTTF+YpCrAU9nK0UgICYPT0QtT1NZWFv4s++TNkcgVaT0g6+4R2uI4MjQjzysHB1zxuWL50hzaeXiw==
  dependencies:
    mime-db "1.52.0"

nanoid@3.1.31:
  version "3.1.31"
  resolved "https://registry.yarnpkg.com/nanoid/-/nanoid-3.1.31.tgz#f5b58a1ce1b7604da5f0605757840598d8974dc6"
  integrity sha512-ZivnJm0o9bb13p2Ot5CpgC2rQdzB9Uxm/mFZweqm5eMViqOJe3PV6LU2E30SiLgheesmcPrjquqraoolONSA0A==

naughty-words@1.2.0:
  version "1.2.0"
  resolved "https://registry.yarnpkg.com/naughty-words/-/naughty-words-1.2.0.tgz#255f60bad94b430fb1216d05a3f4eec3e1061d64"
  integrity sha512-0iadX6fN+3NsfvIRtWmmpEX9VsoIQ6n9FwyIxmew9w5yzFNqMgs/Ky0eAC/z5xXSHtqlVoByiovdROikwH9SXQ==

platform@1.3.6:
  version "1.3.6"
  resolved "https://registry.yarnpkg.com/platform/-/platform-1.3.6.tgz#48b4ce983164b209c2d45a107adb31f473a6e7a7"
  integrity sha512-fnWVljUchTro6RiCFvCXBbNhJc2NijN7oIQxbwsyL0buWJPG85v81ehlHI9fXrJsMNgTofEoWIQeClKpgxFLrg==

proxy-from-env@^1.1.0:
  version "1.1.0"
  resolved "https://registry.yarnpkg.com/proxy-from-env/-/proxy-from-env-1.1.0.tgz#e102f16ca355424865755d2c9e8ea4f24d58c3e2"
  integrity sha512-D+zkORCbA9f1tdWRK0RaCR3GPv50cMxcrz4X8k5LTSUD1Dkw47mKJEZQNunItRTkWwgtaUSo1RVFRIG9ZXiFYg==

query-string@7.1.1:
  version "7.1.1"
  resolved "https://registry.yarnpkg.com/query-string/-/query-string-7.1.1.tgz#754620669db978625a90f635f12617c271a088e1"
  integrity sha512-MplouLRDHBZSG9z7fpuAAcI7aAYjDLhtsiVZsevsfaHWDS2IDdORKbSd1kWUA+V4zyva/HZoSfpwnYMMQDhb0w==
  dependencies:
    decode-uri-component "^0.2.0"
    filter-obj "^1.1.0"
    split-on-first "^1.0.0"
    strict-uri-encode "^2.0.0"

regenerator-runtime@^0.13.11:
  version "0.13.11"
  resolved "https://registry.yarnpkg.com/regenerator-runtime/-/regenerator-runtime-0.13.11.tgz#f6dca3e7ceec20590d07ada785636a90cdca17f9"
  integrity sha512-kY1AZVr2Ra+t+piVaJ4gxaFaReZVH40AKNo7UCX6W+dEwBo/2oZJzqfuN1qLq1oL45o56cPaTXELwrTh8Fpggg==

split-on-first@^1.0.0:
  version "1.1.0"
  resolved "https://registry.yarnpkg.com/split-on-first/-/split-on-first-1.1.0.tgz#f610afeee3b12bce1d0c30425e76398b78249a5f"
  integrity sha512-43ZssAJaMusuKWL8sKUBQXHWOpq8d6CfN/u1p4gUzfJkM05C8rxTmYrkIPTXapZpORA6LkkzcUulJ8FqA7Uudw==

strict-uri-encode@^2.0.0:
  version "2.0.0"
  resolved "https://registry.yarnpkg.com/strict-uri-encode/-/strict-uri-encode-2.0.0.tgz#b9c7330c7042862f6b142dc274bbcc5866ce3546"
  integrity sha512-QwiXZgpRcKkhTj2Scnn++4PKtWsH0kpzZ62L2R6c/LUVYv7hVnZqcg2+sMuT6R7Jusu1vviK/MFsu6kNJfWlEQ==

uuid@8.3.2:
  version "8.3.2"
  resolved "https://registry.yarnpkg.com/uuid/-/uuid-8.3.2.tgz#80d5b5ced271bb9af6c445f21a1a04c606cefbe2"
  integrity sha512-+NYs2QeMWy+GWFOEm9xnn6HCDp0l7QBD7ml8zLUmJ+93Q5NF0NocErnwkTkXVFNiX3/fpC6afS8Dhb/gz7R7eg==

validator@13.7.0:
  version "13.7.0"
  resolved "https://registry.yarnpkg.com/validator/-/validator-13.7.0.tgz#4f9658ba13ba8f3d82ee881d3516489ea85c0857"
  integrity sha512-nYXQLCBkpJ8X6ltALua9dRrZDHVYxjJ1wgskNt1lH9fzGjs3tgojGSCBjmEPwkWS1y29+DrizMTW19Pr9uB2nw==

xregexp@5.1.0:
  version "5.1.0"
  resolved "https://registry.yarnpkg.com/xregexp/-/xregexp-5.1.0.tgz#c87e7ae5ffa5fdc520f898a467dcba02b0d391e9"
  integrity sha512-PynwUWtXnSZr8tpQlDPMZfPTyv78EYuA4oI959ukxcQ0a9O/lvndLVKy5wpImzzA26eMxpZmnAXJYiQA13AtWA==
  dependencies:
    "@babel/runtime-corejs3" "^7.14.9"

zod@3.17.3:
  version "3.17.3"
  resolved "https://registry.yarnpkg.com/zod/-/zod-3.17.3.tgz#86abbc670ff0063a4588d85a4dcc917d6e4af2ba"
  integrity sha512-4oKP5zvG6GGbMlqBkI5FESOAweldEhSOZ6LI6cG+JzUT7ofj1ZOC0PJudpQOpT1iqOFpYYtX5Pw0+o403y4bcg==
