# This file is generated by running "yarn install" inside your project.
# Manual changes might be lost - proceed with caution!

__metadata:
  version: 8
  cacheKey: 10c0

"@accelbyte/sdk-basic@npm:0.0.0-dev-20240912075533":
  version: 0.0.0-dev-20240912075533
  resolution: "@accelbyte/sdk-basic@npm:0.0.0-dev-20240912075533"
  dependencies:
    "@accelbyte/validator": "npm:0.0.0-dev-20240912075533"
    axios: "npm:1.7.7"
    buffer: "npm:6.0.3"
    crypto-js: "npm:4.1.1"
    platform: "npm:1.3.6"
    uuid: "npm:8.3.2"
    validator: "npm:13.7.0"
    zod: "npm:3.23.8"
  peerDependencies:
    "@accelbyte/sdk": 0.0.0-dev-20240912075533
    "@tanstack/react-query": ^4.36.1
  peerDependenciesMeta:
    "@tanstack/react-query":
      optional: true
  checksum: 10c0/8820a92d5761e641651dc26c7321de5b0edc7a1782a06e1b9168a32254c2ddc96e7e59662dadeb2a280bec4c67b56be6d78dece3bfcc63444e8bf89d8d00c409
  languageName: node
  linkType: hard

"@accelbyte/sdk-cloudsave@npm:0.0.0-dev-20240912075533":
  version: 0.0.0-dev-20240912075533
  resolution: "@accelbyte/sdk-cloudsave@npm:0.0.0-dev-20240912075533"
  dependencies:
    "@accelbyte/validator": "npm:0.0.0-dev-20240912075533"
    axios: "npm:1.7.7"
    buffer: "npm:6.0.3"
    crypto-js: "npm:4.1.1"
    platform: "npm:1.3.6"
    uuid: "npm:8.3.2"
    validator: "npm:13.7.0"
    zod: "npm:3.23.8"
  peerDependencies:
    "@accelbyte/sdk": 0.0.0-dev-20240912075533
    "@tanstack/react-query": ^4.36.1
  peerDependenciesMeta:
    "@tanstack/react-query":
      optional: true
  checksum: 10c0/e8fcd806ffc0baebdfe95f70348eb9a146f59a6468607677205aaef8111388136776b3548b192f9ff2c280bdf4e2d049dafb6471f7803812f9e066b750206d1d
  languageName: node
  linkType: hard

"@accelbyte/sdk-iam@npm:0.0.0-dev-20240912075533":
  version: 0.0.0-dev-20240912075533
  resolution: "@accelbyte/sdk-iam@npm:0.0.0-dev-20240912075533"
  dependencies:
    "@accelbyte/validator": "npm:0.0.0-dev-20240912075533"
    axios: "npm:1.7.7"
    buffer: "npm:6.0.3"
    crypto-js: "npm:4.1.1"
    platform: "npm:1.3.6"
    uuid: "npm:8.3.2"
    validator: "npm:13.7.0"
    zod: "npm:3.23.8"
  peerDependencies:
    "@accelbyte/sdk": 0.0.0-dev-20240912075533
    "@tanstack/react-query": ^4.36.1
  peerDependenciesMeta:
    "@tanstack/react-query":
      optional: true
  checksum: 10c0/9d87c514f28618b8c85f6adda5de3a236c32645c2cff52bea45c151346b507e291b774d065cf78ba134c7148102dca2823b493a63e20c1ef9046c3fc438b8958
  languageName: node
  linkType: hard

"@accelbyte/sdk-legal@npm:0.0.0-dev-20240912075533":
  version: 0.0.0-dev-20240912075533
  resolution: "@accelbyte/sdk-legal@npm:0.0.0-dev-20240912075533"
  dependencies:
    "@accelbyte/sdk-iam": "npm:0.0.0-dev-20240912075533"
    "@accelbyte/validator": "npm:0.0.0-dev-20240912075533"
    axios: "npm:1.7.7"
    buffer: "npm:6.0.3"
    crypto-js: "npm:4.1.1"
    dompurify: "npm:3.0.5"
    platform: "npm:1.3.6"
    uuid: "npm:8.3.2"
    validator: "npm:13.7.0"
    zod: "npm:3.23.8"
  peerDependencies:
    "@accelbyte/sdk": 0.0.0-dev-20240912075533
    "@tanstack/react-query": ^4.36.1
  peerDependenciesMeta:
    "@tanstack/react-query":
      optional: true
  checksum: 10c0/9f3668eef08598755610962dab5b6e1315f1dd1c383c90153ce0d5f46becc2038bfbddad0d3bc8eb177bb77836856e2cd7263a1c483e83877837b4c3584e98be
  languageName: node
  linkType: hard

"@accelbyte/sdk-platform@npm:0.0.0-dev-20240912075533":
  version: 0.0.0-dev-20240912075533
  resolution: "@accelbyte/sdk-platform@npm:0.0.0-dev-20240912075533"
  dependencies:
    "@accelbyte/validator": "npm:0.0.0-dev-20240912075533"
    axios: "npm:1.7.7"
    buffer: "npm:6.0.3"
    crypto-js: "npm:4.1.1"
    platform: "npm:1.3.6"
    uuid: "npm:8.3.2"
    validator: "npm:13.7.0"
    zod: "npm:3.23.8"
  peerDependencies:
    "@accelbyte/sdk": 0.0.0-dev-20240912075533
    "@tanstack/react-query": ^4.36.1
  peerDependenciesMeta:
    "@tanstack/react-query":
      optional: true
  checksum: 10c0/7c642ec597878c86e175abdc0edad73156d2959073e602bfebc92b18c24f3067c9958feef69f72355a4e8e75e517b1180ce1cbcf984fdc43b31a2279353780ce
  languageName: node
  linkType: hard

"@accelbyte/sdk@npm:0.0.0-dev-20240912075533":
  version: 0.0.0-dev-20240912075533
  resolution: "@accelbyte/sdk@npm:0.0.0-dev-20240912075533"
  dependencies:
    "@accelbyte/validator": "npm:0.0.0-dev-20240912075533"
    axios: "npm:1.7.7"
    buffer: "npm:6.0.3"
    crypto-js: "npm:4.1.1"
    nanoid: "npm:3.1.31"
    platform: "npm:1.3.6"
    query-string: "npm:7.1.1"
    uuid: "npm:8.3.2"
    validator: "npm:13.7.0"
    zod: "npm:3.23.8"
  checksum: 10c0/6bd774600261e58cf2664a4f447e983324cf83f5d5a72721bb1686cb4c74c826916d734c47ed0c692e639f180e9abfc7a1978cd8b7e80eb35b2c9a3bff0febf0
  languageName: node
  linkType: hard

"@accelbyte/validator@npm:0.0.0-dev-20240912075533":
  version: 0.0.0-dev-20240912075533
  resolution: "@accelbyte/validator@npm:0.0.0-dev-20240912075533"
  dependencies:
    naughty-words: "npm:1.2.0"
    xregexp: "npm:5.1.0"
  peerDependencies:
    validator: ^13.7.0
    zod: ^3.17.3
  checksum: 10c0/03f78986bf95071e10e6ce4760ded714ec495abf110d35b7cbb66e572a15d1b1029424b8c44dfc724891a1fc8a7617543f1063688891b4c11ab3b6cd2b57f3c8
  languageName: node
  linkType: hard

"@babel/runtime-corejs3@npm:^7.14.9":
  version: 7.21.0
  resolution: "@babel/runtime-corejs3@npm:7.21.0"
  dependencies:
    core-js-pure: "npm:^3.25.1"
    regenerator-runtime: "npm:^0.13.11"
  checksum: 10c0/b46896f9a774eeb0e8d2597a0a43a87ede27eebec650b3e17719c14a502289ece95029fe5bc8be84798fb1879b69d54efc1f42c3127f1afaf7778d3b8bb692b5
  languageName: node
  linkType: hard

"asynckit@npm:^0.4.0":
  version: 0.4.0
  resolution: "asynckit@npm:0.4.0"
  checksum: 10c0/d73e2ddf20c4eb9337e1b3df1a0f6159481050a5de457c55b14ea2e5cb6d90bb69e004c9af54737a5ee0917fcf2c9e25de67777bbe58261847846066ba75bc9d
  languageName: node
  linkType: hard

"axios@npm:1.7.7":
  version: 1.7.7
  resolution: "axios@npm:1.7.7"
  dependencies:
    follow-redirects: "npm:^1.15.6"
    form-data: "npm:^4.0.0"
    proxy-from-env: "npm:^1.1.0"
  checksum: 10c0/4499efc89e86b0b49ffddc018798de05fab26e3bf57913818266be73279a6418c3ce8f9e934c7d2d707ab8c095e837fc6c90608fb7715b94d357720b5f568af7
  languageName: node
  linkType: hard

"base64-js@npm:^1.3.1":
  version: 1.5.1
  resolution: "base64-js@npm:1.5.1"
  checksum: 10c0/f23823513b63173a001030fae4f2dabe283b99a9d324ade3ad3d148e218134676f1ee8568c877cd79ec1c53158dcf2d2ba527a97c606618928ba99dd930102bf
  languageName: node
  linkType: hard

"buffer@npm:6.0.3":
  version: 6.0.3
  resolution: "buffer@npm:6.0.3"
  dependencies:
    base64-js: "npm:^1.3.1"
    ieee754: "npm:^1.2.1"
  checksum: 10c0/2a905fbbcde73cc5d8bd18d1caa23715d5f83a5935867c2329f0ac06104204ba7947be098fe1317fbd8830e26090ff8e764f08cd14fefc977bb248c3487bcbd0
  languageName: node
  linkType: hard

"combined-stream@npm:^1.0.8":
  version: 1.0.8
  resolution: "combined-stream@npm:1.0.8"
  dependencies:
    delayed-stream: "npm:~1.0.0"
  checksum: 10c0/0dbb829577e1b1e839fa82b40c07ffaf7de8a09b935cadd355a73652ae70a88b4320db322f6634a4ad93424292fa80973ac6480986247f1734a1137debf271d5
  languageName: node
  linkType: hard

"core-js-pure@npm:^3.25.1":
  version: 3.30.1
  resolution: "core-js-pure@npm:3.30.1"
  checksum: 10c0/6d05c823f0b3c71119327d41d5feb195e2e86dcb27ed13754131a155bbe5462f7043a086031092f56a2d8d0477ea8a71ff2eca28ad79726aba08a6ab507d6c33
  languageName: node
  linkType: hard

"crypto-js@npm:4.1.1":
  version: 4.1.1
  resolution: "crypto-js@npm:4.1.1"
  checksum: 10c0/50cc66a35f2738171d9a6d80c85ba7d00cb6440b756db035ba9ccd03032c0a803029a62969ecd4c844106c980af87687c64b204dd967989379c4f354fb482d37
  languageName: node
  linkType: hard

"decode-uri-component@npm:^0.2.0":
  version: 0.2.2
  resolution: "decode-uri-component@npm:0.2.2"
  checksum: 10c0/1f4fa54eb740414a816b3f6c24818fbfcabd74ac478391e9f4e2282c994127db02010ce804f3d08e38255493cfe68608b3f5c8e09fd6efc4ae46c807691f7a31
  languageName: node
  linkType: hard

"delayed-stream@npm:~1.0.0":
  version: 1.0.0
  resolution: "delayed-stream@npm:1.0.0"
  checksum: 10c0/d758899da03392e6712f042bec80aa293bbe9e9ff1b2634baae6a360113e708b91326594c8a486d475c69d6259afb7efacdc3537bfcda1c6c648e390ce601b19
  languageName: node
  linkType: hard

"dompurify@npm:3.0.5":
  version: 3.0.5
  resolution: "dompurify@npm:3.0.5"
  checksum: 10c0/0653ce02dbf79c921646fb523c41d29d9b00dbe5bbed372bc3a035805bb2a58e5865a807c7bc31288719fae0796d5d1ef0bb02a891102b9d7f4b17cdc96cec9d
  languageName: node
  linkType: hard

"dotenv@npm:16.0.3":
  version: 16.0.3
  resolution: "dotenv@npm:16.0.3"
  checksum: 10c0/109457ac5f9e930ca8066ea33887b6f839ab24d647a7a8b49ddcd1f32662e2c35591c5e5b9819063e430148a664d0927f0cbe60cf9575d89bc524f47ff7e78f0
  languageName: node
  linkType: hard

"filter-obj@npm:^1.1.0":
  version: 1.1.0
  resolution: "filter-obj@npm:1.1.0"
  checksum: 10c0/071e0886b2b50238ca5026c5bbf58c26a7c1a1f720773b8c7813d16ba93d0200de977af14ac143c5ac18f666b2cfc83073f3a5fe6a4e996c49e0863d5500fccf
  languageName: node
  linkType: hard

"follow-redirects@npm:^1.15.6":
  version: 1.15.9
  resolution: "follow-redirects@npm:1.15.9"
  peerDependenciesMeta:
    debug:
      optional: true
  checksum: 10c0/5829165bd112c3c0e82be6c15b1a58fa9dcfaede3b3c54697a82fe4a62dd5ae5e8222956b448d2f98e331525f05d00404aba7d696de9e761ef6e42fdc780244f
  languageName: node
  linkType: hard

"form-data@npm:^4.0.0":
  version: 4.0.0
  resolution: "form-data@npm:4.0.0"
  dependencies:
    asynckit: "npm:^0.4.0"
    combined-stream: "npm:^1.0.8"
    mime-types: "npm:^2.1.12"
  checksum: 10c0/cb6f3ac49180be03ff07ba3ff125f9eba2ff0b277fb33c7fc47569fc5e616882c5b1c69b9904c4c4187e97dd0419dd03b134174756f296dec62041e6527e2c6e
  languageName: node
  linkType: hard

"ieee754@npm:^1.2.1":
  version: 1.2.1
  resolution: "ieee754@npm:1.2.1"
  checksum: 10c0/b0782ef5e0935b9f12883a2e2aa37baa75da6e66ce6515c168697b42160807d9330de9a32ec1ed73149aea02e0d822e572bca6f1e22bdcbd2149e13b050b17bb
  languageName: node
  linkType: hard

"mime-db@npm:1.52.0":
  version: 1.52.0
  resolution: "mime-db@npm:1.52.0"
  checksum: 10c0/0557a01deebf45ac5f5777fe7740b2a5c309c6d62d40ceab4e23da9f821899ce7a900b7ac8157d4548ddbb7beffe9abc621250e6d182b0397ec7f10c7b91a5aa
  languageName: node
  linkType: hard

"mime-types@npm:^2.1.12":
  version: 2.1.35
  resolution: "mime-types@npm:2.1.35"
  dependencies:
    mime-db: "npm:1.52.0"
  checksum: 10c0/82fb07ec56d8ff1fc999a84f2f217aa46cb6ed1033fefaabd5785b9a974ed225c90dc72fff460259e66b95b73648596dbcc50d51ed69cdf464af2d237d3149b2
  languageName: node
  linkType: hard

"nanoid@npm:3.1.31":
  version: 3.1.31
  resolution: "nanoid@npm:3.1.31"
  bin:
    nanoid: bin/nanoid.cjs
  checksum: 10c0/1ed7c63b31963ac50bc0593e68595f396679d5b2960682f97db00160a7d3b6b8ad31f3cfe9a6d6f57dc09cc891201105b1a195f4aee49d462551c3414b3a4e31
  languageName: node
  linkType: hard

"naughty-words@npm:1.2.0":
  version: 1.2.0
  resolution: "naughty-words@npm:1.2.0"
  checksum: 10c0/428825fa2bbe3923c7aaa30c06c2d0872cab693c7d7468f546a17d4cf9441832468b49ac4b17d26ccf64aa41df39d06b1bd865de39e53ab92bf814ba9485d595
  languageName: node
  linkType: hard

"platform@npm:1.3.6":
  version: 1.3.6
  resolution: "platform@npm:1.3.6"
  checksum: 10c0/69f2eb692e15f1a343dd0d9347babd9ca933824c8673096be746ff66f99f2bdc909fadd8609076132e6ec768349080babb7362299f2a7f885b98f1254ae6224b
  languageName: node
  linkType: hard

"proxy-from-env@npm:^1.1.0":
  version: 1.1.0
  resolution: "proxy-from-env@npm:1.1.0"
  checksum: 10c0/fe7dd8b1bdbbbea18d1459107729c3e4a2243ca870d26d34c2c1bcd3e4425b7bcc5112362df2d93cc7fb9746f6142b5e272fd1cc5c86ddf8580175186f6ad42b
  languageName: node
  linkType: hard

"query-string@npm:7.1.1":
  version: 7.1.1
  resolution: "query-string@npm:7.1.1"
  dependencies:
    decode-uri-component: "npm:^0.2.0"
    filter-obj: "npm:^1.1.0"
    split-on-first: "npm:^1.0.0"
    strict-uri-encode: "npm:^2.0.0"
  checksum: 10c0/85c1ee90f25b936134153df71fa9c12f05922e328188270039f5d4344568c2e9ae5247b09bf118d0656d31dc0e24002e5e1f2a44fae1b96e3d6e64cd552e0518
  languageName: node
  linkType: hard

"regenerator-runtime@npm:^0.13.11":
  version: 0.13.11
  resolution: "regenerator-runtime@npm:0.13.11"
  checksum: 10c0/12b069dc774001fbb0014f6a28f11c09ebfe3c0d984d88c9bced77fdb6fedbacbca434d24da9ae9371bfbf23f754869307fb51a4c98a8b8b18e5ef748677ca24
  languageName: node
  linkType: hard

"sdk-node-example@workspace:.":
  version: 0.0.0-use.local
  resolution: "sdk-node-example@workspace:."
  dependencies:
    "@accelbyte/sdk": "npm:0.0.0-dev-20240912075533"
    "@accelbyte/sdk-basic": "npm:0.0.0-dev-20240912075533"
    "@accelbyte/sdk-cloudsave": "npm:0.0.0-dev-20240912075533"
    "@accelbyte/sdk-iam": "npm:0.0.0-dev-20240912075533"
    "@accelbyte/sdk-legal": "npm:0.0.0-dev-20240912075533"
    "@accelbyte/sdk-platform": "npm:0.0.0-dev-20240912075533"
    dotenv: "npm:16.0.3"
  languageName: unknown
  linkType: soft

"split-on-first@npm:^1.0.0":
  version: 1.1.0
  resolution: "split-on-first@npm:1.1.0"
  checksum: 10c0/56df8344f5a5de8521898a5c090023df1d8b8c75be6228f56c52491e0fc1617a5236f2ac3a066adb67a73231eac216ccea7b5b4a2423a543c277cb2f48d24c29
  languageName: node
  linkType: hard

"strict-uri-encode@npm:^2.0.0":
  version: 2.0.0
  resolution: "strict-uri-encode@npm:2.0.0"
  checksum: 10c0/010cbc78da0e2cf833b0f5dc769e21ae74cdc5d5f5bd555f14a4a4876c8ad2c85ab8b5bdf9a722dc71a11dcd3184085e1c3c0bd50ec6bb85fffc0f28cf82597d
  languageName: node
  linkType: hard

"uuid@npm:8.3.2":
  version: 8.3.2
  resolution: "uuid@npm:8.3.2"
  bin:
    uuid: dist/bin/uuid
  checksum: 10c0/bcbb807a917d374a49f475fae2e87fdca7da5e5530820ef53f65ba1d12131bd81a92ecf259cc7ce317cbe0f289e7d79fdfebcef9bfa3087c8c8a2fa304c9be54
  languageName: node
  linkType: hard

"validator@npm:13.7.0":
  version: 13.7.0
  resolution: "validator@npm:13.7.0"
  checksum: 10c0/234c9db98001d6f75c04174dd7f67a297728c8cb369db99f21c41ba4a254558bf91427ecdcc9017ddcd44271c9db38e96079cf432a41c92f13d96d6ca0d5c28d
  languageName: node
  linkType: hard

"xregexp@npm:5.1.0":
  version: 5.1.0
  resolution: "xregexp@npm:5.1.0"
  dependencies:
    "@babel/runtime-corejs3": "npm:^7.14.9"
  checksum: 10c0/de9c1bdfcdaaa73ecbb1e9924f51cea990f601b33bd2769c5ad7445cac7869bf04ea4d6f1e78c1589bbcf47eaebe42f6a6ddb867549c8ed288b4128c59ef4432
  languageName: node
  linkType: hard

"zod@npm:3.23.8":
  version: 3.23.8
  resolution: "zod@npm:3.23.8"
  checksum: 10c0/8f14c87d6b1b53c944c25ce7a28616896319d95bc46a9660fe441adc0ed0a81253b02b5abdaeffedbeb23bdd25a0bf1c29d2c12dd919aef6447652dd295e3e69
  languageName: node
  linkType: hard
